// !$*UTF8*$!
{
	archiveVersion = 1;
	classes = {
	};
	objectVersion = 56;
	objects = {

/* Begin PBXBuildFile section */
		D9A264042A8AA87F00947328 /* FeedItem.swift in Sources */ = {isa = PBXBuildFile; fileRef = D9A264032A8AA87F00947328 /* FeedItem.swift */; };
		D9A264062A8AA89000947328 /* FeedLoader.swift in Sources */ = {isa = PBXBuildFile; fileRef = D9A264052A8AA89000947328 /* FeedLoader.swift */; };
		D9A264082A8AAA7D00947328 /* RemoteFeedLoaderTests.swift in Sources */ = {isa = PBXBuildFile; fileRef = D9A264072A8AAA7D00947328 /* RemoteFeedLoaderTests.swift */; };
		D9A2640B2A8AB58500947328 /* RemoteFeedLoader.swift in Sources */ = {isa = PBXBuildFile; fileRef = D9A2640A2A8AB58500947328 /* RemoteFeedLoader.swift */; };
		D9D737442A8A9A6900C51E9F /* EssentialFeedApp.swift in Sources */ = {isa = PBXBuildFile; fileRef = D9D737432A8A9A6900C51E9F /* EssentialFeedApp.swift */; };
		D9D737462A8A9A6900C51E9F /* ContentView.swift in Sources */ = {isa = PBXBuildFile; fileRef = D9D737452A8A9A6900C51E9F /* ContentView.swift */; };
		D9D737482A8A9A6900C51E9F /* Assets.xcassets in Resources */ = {isa = PBXBuildFile; fileRef = D9D737472A8A9A6900C51E9F /* Assets.xcassets */; };
		D9D7374C2A8A9A6900C51E9F /* Preview Assets.xcassets in Resources */ = {isa = PBXBuildFile; fileRef = D9D7374B2A8A9A6900C51E9F /* Preview Assets.xcassets */; };
		D9D737562A8A9A6900C51E9F /* EssentialFeedTests.swift in Sources */ = {isa = PBXBuildFile; fileRef = D9D737552A8A9A6900C51E9F /* EssentialFeedTests.swift */; };
		D9D737602A8A9A6900C51E9F /* EssentialFeedUITests.swift in Sources */ = {isa = PBXBuildFile; fileRef = D9D7375F2A8A9A6900C51E9F /* EssentialFeedUITests.swift */; };
		D9D737622A8A9A6900C51E9F /* EssentialFeedUITestsLaunchTests.swift in Sources */ = {isa = PBXBuildFile; fileRef = D9D737612A8A9A6900C51E9F /* EssentialFeedUITestsLaunchTests.swift */; };
/* End PBXBuildFile section */

/* Begin PBXContainerItemProxy section */
		D9D737522A8A9A6900C51E9F /* PBXContainerItemProxy */ = {
			isa = PBXContainerItemProxy;
			containerPortal = D9D737382A8A9A6900C51E9F /* Project object */;
			proxyType = 1;
			remoteGlobalIDString = D9D7373F2A8A9A6900C51E9F;
			remoteInfo = EssentialFeed;
		};
		D9D7375C2A8A9A6900C51E9F /* PBXContainerItemProxy */ = {
			isa = PBXContainerItemProxy;
			containerPortal = D9D737382A8A9A6900C51E9F /* Project object */;
			proxyType = 1;
			remoteGlobalIDString = D9D7373F2A8A9A6900C51E9F;
			remoteInfo = EssentialFeed;
		};
/* End PBXContainerItemProxy section */

/* Begin PBXFileReference section */
		D9A264032A8AA87F00947328 /* FeedItem.swift */ = {isa = PBXFileReference; lastKnownFileType = sourcecode.swift; path = FeedItem.swift; sourceTree = "<group>"; };
		D9A264052A8AA89000947328 /* FeedLoader.swift */ = {isa = PBXFileReference; lastKnownFileType = sourcecode.swift; path = FeedLoader.swift; sourceTree = "<group>"; };
		D9A264072A8AAA7D00947328 /* RemoteFeedLoaderTests.swift */ = {isa = PBXFileReference; lastKnownFileType = sourcecode.swift; path = RemoteFeedLoaderTests.swift; sourceTree = "<group>"; };
		D9A2640A2A8AB58500947328 /* RemoteFeedLoader.swift */ = {isa = PBXFileReference; lastKnownFileType = sourcecode.swift; path = RemoteFeedLoader.swift; sourceTree = "<group>"; };
		D9D737402A8A9A6900C51E9F /* EssentialFeed.app */ = {isa = PBXFileReference; explicitFileType = wrapper.application; includeInIndex = 0; path = EssentialFeed.app; sourceTree = BUILT_PRODUCTS_DIR; };
		D9D737432A8A9A6900C51E9F /* EssentialFeedApp.swift */ = {isa = PBXFileReference; lastKnownFileType = sourcecode.swift; path = EssentialFeedApp.swift; sourceTree = "<group>"; };
		D9D737452A8A9A6900C51E9F /* ContentView.swift */ = {isa = PBXFileReference; lastKnownFileType = sourcecode.swift; path = ContentView.swift; sourceTree = "<group>"; };
		D9D737472A8A9A6900C51E9F /* Assets.xcassets */ = {isa = PBXFileReference; lastKnownFileType = folder.assetcatalog; path = Assets.xcassets; sourceTree = "<group>"; };
		D9D737492A8A9A6900C51E9F /* EssentialFeed.entitlements */ = {isa = PBXFileReference; lastKnownFileType = text.plist.entitlements; path = EssentialFeed.entitlements; sourceTree = "<group>"; };
		D9D7374B2A8A9A6900C51E9F /* Preview Assets.xcassets */ = {isa = PBXFileReference; lastKnownFileType = folder.assetcatalog; path = "Preview Assets.xcassets"; sourceTree = "<group>"; };
		D9D737512A8A9A6900C51E9F /* EssentialFeedTests.xctest */ = {isa = PBXFileReference; explicitFileType = wrapper.cfbundle; includeInIndex = 0; path = EssentialFeedTests.xctest; sourceTree = BUILT_PRODUCTS_DIR; };
		D9D737552A8A9A6900C51E9F /* EssentialFeedTests.swift */ = {isa = PBXFileReference; lastKnownFileType = sourcecode.swift; path = EssentialFeedTests.swift; sourceTree = "<group>"; };
		D9D7375B2A8A9A6900C51E9F /* EssentialFeedUITests.xctest */ = {isa = PBXFileReference; explicitFileType = wrapper.cfbundle; includeInIndex = 0; path = EssentialFeedUITests.xctest; sourceTree = BUILT_PRODUCTS_DIR; };
		D9D7375F2A8A9A6900C51E9F /* EssentialFeedUITests.swift */ = {isa = PBXFileReference; lastKnownFileType = sourcecode.swift; path = EssentialFeedUITests.swift; sourceTree = "<group>"; };
		D9D737612A8A9A6900C51E9F /* EssentialFeedUITestsLaunchTests.swift */ = {isa = PBXFileReference; lastKnownFileType = sourcecode.swift; path = EssentialFeedUITestsLaunchTests.swift; sourceTree = "<group>"; };
/* End PBXFileReference section */

/* Begin PBXFrameworksBuildPhase section */
		D9D7373D2A8A9A6900C51E9F /* Frameworks */ = {
			isa = PBXFrameworksBuildPhase;
			buildActionMask = 2147483647;
			files = (
			);
			runOnlyForDeploymentPostprocessing = 0;
		};
		D9D7374E2A8A9A6900C51E9F /* Frameworks */ = {
			isa = PBXFrameworksBuildPhase;
			buildActionMask = 2147483647;
			files = (
			);
			runOnlyForDeploymentPostprocessing = 0;
		};
		D9D737582A8A9A6900C51E9F /* Frameworks */ = {
			isa = PBXFrameworksBuildPhase;
			buildActionMask = 2147483647;
			files = (
			);
			runOnlyForDeploymentPostprocessing = 0;
		};
/* End PBXFrameworksBuildPhase section */

/* Begin PBXGroup section */
		D9A264022A8AA82200947328 /* Feed Feature */ = {
			isa = PBXGroup;
			children = (
				D9A264032A8AA87F00947328 /* FeedItem.swift */,
				D9A264052A8AA89000947328 /* FeedLoader.swift */,
			);
			path = "Feed Feature";
			sourceTree = "<group>";
		};
		D9A264092A8AB57200947328 /* Feed API */ = {
			isa = PBXGroup;
			children = (
				D9A2640A2A8AB58500947328 /* RemoteFeedLoader.swift */,
			);
			path = "Feed API";
			sourceTree = "<group>";
		};
		D9D737372A8A9A6900C51E9F = {
			isa = PBXGroup;
			children = (
				D9D737422A8A9A6900C51E9F /* EssentialFeed */,
				D9D737542A8A9A6900C51E9F /* EssentialFeedTests */,
				D9D7375E2A8A9A6900C51E9F /* EssentialFeedUITests */,
				D9D737412A8A9A6900C51E9F /* Products */,
			);
			sourceTree = "<group>";
		};
		D9D737412A8A9A6900C51E9F /* Products */ = {
			isa = PBXGroup;
			children = (
				D9D737402A8A9A6900C51E9F /* EssentialFeed.app */,
				D9D737512A8A9A6900C51E9F /* EssentialFeedTests.xctest */,
				D9D7375B2A8A9A6900C51E9F /* EssentialFeedUITests.xctest */,
			);
			name = Products;
			sourceTree = "<group>";
		};
		D9D737422A8A9A6900C51E9F /* EssentialFeed */ = {
			isa = PBXGroup;
			children = (
				D9A264092A8AB57200947328 /* Feed API */,
				D9A264022A8AA82200947328 /* Feed Feature */,
				D9D737432A8A9A6900C51E9F /* EssentialFeedApp.swift */,
				D9D737452A8A9A6900C51E9F /* ContentView.swift */,
				D9D737472A8A9A6900C51E9F /* Assets.xcassets */,
				D9D737492A8A9A6900C51E9F /* EssentialFeed.entitlements */,
				D9D7374A2A8A9A6900C51E9F /* Preview Content */,
			);
			path = EssentialFeed;
			sourceTree = "<group>";
		};
		D9D7374A2A8A9A6900C51E9F /* Preview Content */ = {
			isa = PBXGroup;
			children = (
				D9D7374B2A8A9A6900C51E9F /* Preview Assets.xcassets */,
			);
			path = "Preview Content";
			sourceTree = "<group>";
		};
		D9D737542A8A9A6900C51E9F /* EssentialFeedTests */ = {
			isa = PBXGroup;
			children = (
				D9D737552A8A9A6900C51E9F /* EssentialFeedTests.swift */,
				D9A264072A8AAA7D00947328 /* RemoteFeedLoaderTests.swift */,
			);
			path = EssentialFeedTests;
			sourceTree = "<group>";
		};
		D9D7375E2A8A9A6900C51E9F /* EssentialFeedUITests */ = {
			isa = PBXGroup;
			children = (
				D9D7375F2A8A9A6900C51E9F /* EssentialFeedUITests.swift */,
				D9D737612A8A9A6900C51E9F /* EssentialFeedUITestsLaunchTests.swift */,
			);
			path = EssentialFeedUITests;
			sourceTree = "<group>";
		};
/* End PBXGroup section */

/* Begin PBXNativeTarget section */
		D9D7373F2A8A9A6900C51E9F /* EssentialFeed */ = {
			isa = PBXNativeTarget;
			buildConfigurationList = D9D737652A8A9A6900C51E9F /* Build configuration list for PBXNativeTarget "EssentialFeed" */;
			buildPhases = (
				D9D7373C2A8A9A6900C51E9F /* Sources */,
				D9D7373D2A8A9A6900C51E9F /* Frameworks */,
				D9D7373E2A8A9A6900C51E9F /* Resources */,
			);
			buildRules = (
			);
			dependencies = (
			);
			name = EssentialFeed;
			productName = EssentialFeed;
			productReference = D9D737402A8A9A6900C51E9F /* EssentialFeed.app */;
			productType = "com.apple.product-type.application";
		};
		D9D737502A8A9A6900C51E9F /* EssentialFeedTests */ = {
			isa = PBXNativeTarget;
			buildConfigurationList = D9D737682A8A9A6900C51E9F /* Build configuration list for PBXNativeTarget "EssentialFeedTests" */;
			buildPhases = (
				D9D7374D2A8A9A6900C51E9F /* Sources */,
				D9D7374E2A8A9A6900C51E9F /* Frameworks */,
				D9D7374F2A8A9A6900C51E9F /* Resources */,
			);
			buildRules = (
			);
			dependencies = (
				D9D737532A8A9A6900C51E9F /* PBXTargetDependency */,
			);
			name = EssentialFeedTests;
			productName = EssentialFeedTests;
			productReference = D9D737512A8A9A6900C51E9F /* EssentialFeedTests.xctest */;
			productType = "com.apple.product-type.bundle.unit-test";
		};
		D9D7375A2A8A9A6900C51E9F /* EssentialFeedUITests */ = {
			isa = PBXNativeTarget;
			buildConfigurationList = D9D7376B2A8A9A6900C51E9F /* Build configuration list for PBXNativeTarget "EssentialFeedUITests" */;
			buildPhases = (
				D9D737572A8A9A6900C51E9F /* Sources */,
				D9D737582A8A9A6900C51E9F /* Frameworks */,
				D9D737592A8A9A6900C51E9F /* Resources */,
			);
			buildRules = (
			);
			dependencies = (
				D9D7375D2A8A9A6900C51E9F /* PBXTargetDependency */,
			);
			name = EssentialFeedUITests;
			productName = EssentialFeedUITests;
			productReference = D9D7375B2A8A9A6900C51E9F /* EssentialFeedUITests.xctest */;
			productType = "com.apple.product-type.bundle.ui-testing";
		};
/* End PBXNativeTarget section */

/* Begin PBXProject section */
		D9D737382A8A9A6900C51E9F /* Project object */ = {
			isa = PBXProject;
			attributes = {
				BuildIndependentTargetsInParallel = 1;
				LastSwiftUpdateCheck = 1400;
				LastUpgradeCheck = 1400;
				TargetAttributes = {
					D9D7373F2A8A9A6900C51E9F = {
						CreatedOnToolsVersion = 14.0.1;
					};
					D9D737502A8A9A6900C51E9F = {
						CreatedOnToolsVersion = 14.0.1;
						TestTargetID = D9D7373F2A8A9A6900C51E9F;
					};
					D9D7375A2A8A9A6900C51E9F = {
						CreatedOnToolsVersion = 14.0.1;
						TestTargetID = D9D7373F2A8A9A6900C51E9F;
					};
				};
			};
			buildConfigurationList = D9D7373B2A8A9A6900C51E9F /* Build configuration list for PBXProject "EssentialFeed" */;
			compatibilityVersion = "Xcode 14.0";
			developmentRegion = en;
			hasScannedForEncodings = 0;
			knownRegions = (
				en,
				Base,
			);
			mainGroup = D9D737372A8A9A6900C51E9F;
			productRefGroup = D9D737412A8A9A6900C51E9F /* Products */;
			projectDirPath = "";
			projectRoot = "";
			targets = (
				D9D7373F2A8A9A6900C51E9F /* EssentialFeed */,
				D9D737502A8A9A6900C51E9F /* EssentialFeedTests */,
				D9D7375A2A8A9A6900C51E9F /* EssentialFeedUITests */,
			);
		};
/* End PBXProject section */

/* Begin PBXResourcesBuildPhase section */
		D9D7373E2A8A9A6900C51E9F /* Resources */ = {
			isa = PBXResourcesBuildPhase;
			buildActionMask = 2147483647;
			files = (
				D9D7374C2A8A9A6900C51E9F /* Preview Assets.xcassets in Resources */,
				D9D737482A8A9A6900C51E9F /* Assets.xcassets in Resources */,
			);
			runOnlyForDeploymentPostprocessing = 0;
		};
		D9D7374F2A8A9A6900C51E9F /* Resources */ = {
			isa = PBXResourcesBuildPhase;
			buildActionMask = 2147483647;
			files = (
			);
			runOnlyForDeploymentPostprocessing = 0;
		};
		D9D737592A8A9A6900C51E9F /* Resources */ = {
			isa = PBXResourcesBuildPhase;
			buildActionMask = 2147483647;
			files = (
			);
			runOnlyForDeploymentPostprocessing = 0;
		};
/* End PBXResourcesBuildPhase section */

/* Begin PBXSourcesBuildPhase section */
		D9D7373C2A8A9A6900C51E9F /* Sources */ = {
			isa = PBXSourcesBuildPhase;
			buildActionMask = 2147483647;
			files = (
				D9D737462A8A9A6900C51E9F /* ContentView.swift in Sources */,
				D9D737442A8A9A6900C51E9F /* EssentialFeedApp.swift in Sources */,
				D9A264062A8AA89000947328 /* FeedLoader.swift in Sources */,
				D9A2640B2A8AB58500947328 /* RemoteFeedLoader.swift in Sources */,
				D9A264042A8AA87F00947328 /* FeedItem.swift in Sources */,
			);
			runOnlyForDeploymentPostprocessing = 0;
		};
		D9D7374D2A8A9A6900C51E9F /* Sources */ = {
			isa = PBXSourcesBuildPhase;
			buildActionMask = 2147483647;
			files = (
				D9A264082A8AAA7D00947328 /* RemoteFeedLoaderTests.swift in Sources */,
				D9D737562A8A9A6900C51E9F /* EssentialFeedTests.swift in Sources */,
			);
			runOnlyForDeploymentPostprocessing = 0;
		};
		D9D737572A8A9A6900C51E9F /* Sources */ = {
			isa = PBXSourcesBuildPhase;
			buildActionMask = 2147483647;
			files = (
				D9D737602A8A9A6900C51E9F /* EssentialFeedUITests.swift in Sources */,
				D9D737622A8A9A6900C51E9F /* EssentialFeedUITestsLaunchTests.swift in Sources */,
			);
			runOnlyForDeploymentPostprocessing = 0;
		};
/* End PBXSourcesBuildPhase section */

/* Begin PBXTargetDependency section */
		D9D737532A8A9A6900C51E9F /* PBXTargetDependency */ = {
			isa = PBXTargetDependency;
			target = D9D7373F2A8A9A6900C51E9F /* EssentialFeed */;
			targetProxy = D9D737522A8A9A6900C51E9F /* PBXContainerItemProxy */;
		};
		D9D7375D2A8A9A6900C51E9F /* PBXTargetDependency */ = {
			isa = PBXTargetDependency;
			target = D9D7373F2A8A9A6900C51E9F /* EssentialFeed */;
			targetProxy = D9D7375C2A8A9A6900C51E9F /* PBXContainerItemProxy */;
		};
/* End PBXTargetDependency section */

/* Begin XCBuildConfiguration section */
		D9D737632A8A9A6900C51E9F /* Debug */ = {
			isa = XCBuildConfiguration;
			buildSettings = {
				ALWAYS_SEARCH_USER_PATHS = NO;
				CLANG_ANALYZER_NONNULL = YES;
				CLANG_ANALYZER_NUMBER_OBJECT_CONVERSION = YES_AGGRESSIVE;
				CLANG_CXX_LANGUAGE_STANDARD = "gnu++20";
				CLANG_ENABLE_MODULES = YES;
				CLANG_ENABLE_OBJC_ARC = YES;
				CLANG_ENABLE_OBJC_WEAK = YES;
				CLANG_WARN_BLOCK_CAPTURE_AUTORELEASING = YES;
				CLANG_WARN_BOOL_CONVERSION = YES;
				CLANG_WARN_COMMA = YES;
				CLANG_WARN_CONSTANT_CONVERSION = YES;
				CLANG_WARN_DEPRECATED_OBJC_IMPLEMENTATIONS = YES;
				CLANG_WARN_DIRECT_OBJC_ISA_USAGE = YES_ERROR;
				CLANG_WARN_DOCUMENTATION_COMMENTS = YES;
				CLANG_WARN_EMPTY_BODY = YES;
				CLANG_WARN_ENUM_CONVERSION = YES;
				CLANG_WARN_INFINITE_RECURSION = YES;
				CLANG_WARN_INT_CONVERSION = YES;
				CLANG_WARN_NON_LITERAL_NULL_CONVERSION = YES;
				CLANG_WARN_OBJC_IMPLICIT_RETAIN_SELF = YES;
				CLANG_WARN_OBJC_LITERAL_CONVERSION = YES;
				CLANG_WARN_OBJC_ROOT_CLASS = YES_ERROR;
				CLANG_WARN_QUOTED_INCLUDE_IN_FRAMEWORK_HEADER = YES;
				CLANG_WARN_RANGE_LOOP_ANALYSIS = YES;
				CLANG_WARN_STRICT_PROTOTYPES = YES;
				CLANG_WARN_SUSPICIOUS_MOVE = YES;
				CLANG_WARN_UNGUARDED_AVAILABILITY = YES_AGGRESSIVE;
				CLANG_WARN_UNREACHABLE_CODE = YES;
				CLANG_WARN__DUPLICATE_METHOD_MATCH = YES;
				COPY_PHASE_STRIP = NO;
				DEBUG_INFORMATION_FORMAT = dwarf;
				ENABLE_STRICT_OBJC_MSGSEND = YES;
				ENABLE_TESTABILITY = YES;
				GCC_C_LANGUAGE_STANDARD = gnu11;
				GCC_DYNAMIC_NO_PIC = NO;
				GCC_NO_COMMON_BLOCKS = YES;
				GCC_OPTIMIZATION_LEVEL = 0;
				GCC_PREPROCESSOR_DEFINITIONS = (
					"DEBUG=1",
					"$(inherited)",
				);
				GCC_WARN_64_TO_32_BIT_CONVERSION = YES;
				GCC_WARN_ABOUT_RETURN_TYPE = YES_ERROR;
				GCC_WARN_UNDECLARED_SELECTOR = YES;
				GCC_WARN_UNINITIALIZED_AUTOS = YES_AGGRESSIVE;
				GCC_WARN_UNUSED_FUNCTION = YES;
				GCC_WARN_UNUSED_VARIABLE = YES;
				MTL_ENABLE_DEBUG_INFO = INCLUDE_SOURCE;
				MTL_FAST_MATH = YES;
				ONLY_ACTIVE_ARCH = YES;
				SWIFT_ACTIVE_COMPILATION_CONDITIONS = DEBUG;
				SWIFT_OPTIMIZATION_LEVEL = "-Onone";
			};
			name = Debug;
		};
		D9D737642A8A9A6900C51E9F /* Release */ = {
			isa = XCBuildConfiguration;
			buildSettings = {
				ALWAYS_SEARCH_USER_PATHS = NO;
				CLANG_ANALYZER_NONNULL = YES;
				CLANG_ANALYZER_NUMBER_OBJECT_CONVERSION = YES_AGGRESSIVE;
				CLANG_CXX_LANGUAGE_STANDARD = "gnu++20";
				CLANG_ENABLE_MODULES = YES;
				CLANG_ENABLE_OBJC_ARC = YES;
				CLANG_ENABLE_OBJC_WEAK = YES;
				CLANG_WARN_BLOCK_CAPTURE_AUTORELEASING = YES;
				CLANG_WARN_BOOL_CONVERSION = YES;
				CLANG_WARN_COMMA = YES;
				CLANG_WARN_CONSTANT_CONVERSION = YES;
				CLANG_WARN_DEPRECATED_OBJC_IMPLEMENTATIONS = YES;
				CLANG_WARN_DIRECT_OBJC_ISA_USAGE = YES_ERROR;
				CLANG_WARN_DOCUMENTATION_COMMENTS = YES;
				CLANG_WARN_EMPTY_BODY = YES;
				CLANG_WARN_ENUM_CONVERSION = YES;
				CLANG_WARN_INFINITE_RECURSION = YES;
				CLANG_WARN_INT_CONVERSION = YES;
				CLANG_WARN_NON_LITERAL_NULL_CONVERSION = YES;
				CLANG_WARN_OBJC_IMPLICIT_RETAIN_SELF = YES;
				CLANG_WARN_OBJC_LITERAL_CONVERSION = YES;
				CLANG_WARN_OBJC_ROOT_CLASS = YES_ERROR;
				CLANG_WARN_QUOTED_INCLUDE_IN_FRAMEWORK_HEADER = YES;
				CLANG_WARN_RANGE_LOOP_ANALYSIS = YES;
				CLANG_WARN_STRICT_PROTOTYPES = YES;
				CLANG_WARN_SUSPICIOUS_MOVE = YES;
				CLANG_WARN_UNGUARDED_AVAILABILITY = YES_AGGRESSIVE;
				CLANG_WARN_UNREACHABLE_CODE = YES;
				CLANG_WARN__DUPLICATE_METHOD_MATCH = YES;
				COPY_PHASE_STRIP = NO;
				DEBUG_INFORMATION_FORMAT = "dwarf-with-dsym";
				ENABLE_NS_ASSERTIONS = NO;
				ENABLE_STRICT_OBJC_MSGSEND = YES;
				GCC_C_LANGUAGE_STANDARD = gnu11;
				GCC_NO_COMMON_BLOCKS = YES;
				GCC_WARN_64_TO_32_BIT_CONVERSION = YES;
				GCC_WARN_ABOUT_RETURN_TYPE = YES_ERROR;
				GCC_WARN_UNDECLARED_SELECTOR = YES;
				GCC_WARN_UNINITIALIZED_AUTOS = YES_AGGRESSIVE;
				GCC_WARN_UNUSED_FUNCTION = YES;
				GCC_WARN_UNUSED_VARIABLE = YES;
				MTL_ENABLE_DEBUG_INFO = NO;
				MTL_FAST_MATH = YES;
				SWIFT_COMPILATION_MODE = wholemodule;
				SWIFT_OPTIMIZATION_LEVEL = "-O";
			};
			name = Release;
		};
		D9D737662A8A9A6900C51E9F /* Debug */ = {
			isa = XCBuildConfiguration;
			buildSettings = {
				ASSETCATALOG_COMPILER_APPICON_NAME = AppIcon;
				ASSETCATALOG_COMPILER_GLOBAL_ACCENT_COLOR_NAME = AccentColor;
				CODE_SIGN_ENTITLEMENTS = EssentialFeed/EssentialFeed.entitlements;
				CODE_SIGN_STYLE = Automatic;
				CURRENT_PROJECT_VERSION = 1;
				DEVELOPMENT_ASSET_PATHS = "\"EssentialFeed/Preview Content\"";
				DEVELOPMENT_TEAM = PQYWQB75M5;
				ENABLE_HARDENED_RUNTIME = YES;
				ENABLE_PREVIEWS = YES;
				GENERATE_INFOPLIST_FILE = YES;
				"INFOPLIST_KEY_UIApplicationSceneManifest_Generation[sdk=iphoneos*]" = YES;
				"INFOPLIST_KEY_UIApplicationSceneManifest_Generation[sdk=iphonesimulator*]" = YES;
				"INFOPLIST_KEY_UIApplicationSupportsIndirectInputEvents[sdk=iphoneos*]" = YES;
				"INFOPLIST_KEY_UIApplicationSupportsIndirectInputEvents[sdk=iphonesimulator*]" = YES;
				"INFOPLIST_KEY_UILaunchScreen_Generation[sdk=iphoneos*]" = YES;
				"INFOPLIST_KEY_UILaunchScreen_Generation[sdk=iphonesimulator*]" = YES;
				"INFOPLIST_KEY_UIStatusBarStyle[sdk=iphoneos*]" = UIStatusBarStyleDefault;
				"INFOPLIST_KEY_UIStatusBarStyle[sdk=iphonesimulator*]" = UIStatusBarStyleDefault;
				INFOPLIST_KEY_UISupportedInterfaceOrientations_iPad = "UIInterfaceOrientationPortrait UIInterfaceOrientationPortraitUpsideDown UIInterfaceOrientationLandscapeLeft UIInterfaceOrientationLandscapeRight";
				INFOPLIST_KEY_UISupportedInterfaceOrientations_iPhone = "UIInterfaceOrientationPortrait UIInterfaceOrientationLandscapeLeft UIInterfaceOrientationLandscapeRight";
				IPHONEOS_DEPLOYMENT_TARGET = 16.0;
				LD_RUNPATH_SEARCH_PATHS = "@executable_path/Frameworks";
				"LD_RUNPATH_SEARCH_PATHS[sdk=macosx*]" = "@executable_path/../Frameworks";
				MACOSX_DEPLOYMENT_TARGET = 12.3;
				MARKETING_VERSION = 1.0;
				PRODUCT_BUNDLE_IDENTIFIER = com.wiljay.EssentialFeed;
				PRODUCT_NAME = "$(TARGET_NAME)";
				SDKROOT = auto;
				SUPPORTED_PLATFORMS = "iphoneos iphonesimulator macosx";
				SWIFT_EMIT_LOC_STRINGS = YES;
				SWIFT_VERSION = 5.0;
				TARGETED_DEVICE_FAMILY = "1,2";
			};
			name = Debug;
		};
		D9D737672A8A9A6900C51E9F /* Release */ = {
			isa = XCBuildConfiguration;
			buildSettings = {
				ASSETCATALOG_COMPILER_APPICON_NAME = AppIcon;
				ASSETCATALOG_COMPILER_GLOBAL_ACCENT_COLOR_NAME = AccentColor;
				CODE_SIGN_ENTITLEMENTS = EssentialFeed/EssentialFeed.entitlements;
				CODE_SIGN_STYLE = Automatic;
				CURRENT_PROJECT_VERSION = 1;
				DEVELOPMENT_ASSET_PATHS = "\"EssentialFeed/Preview Content\"";
				DEVELOPMENT_TEAM = PQYWQB75M5;
				ENABLE_HARDENED_RUNTIME = YES;
				ENABLE_PREVIEWS = YES;
				GENERATE_INFOPLIST_FILE = YES;
				"INFOPLIST_KEY_UIApplicationSceneManifest_Generation[sdk=iphoneos*]" = YES;
				"INFOPLIST_KEY_UIApplicationSceneManifest_Generation[sdk=iphonesimulator*]" = YES;
				"INFOPLIST_KEY_UIApplicationSupportsIndirectInputEvents[sdk=iphoneos*]" = YES;
				"INFOPLIST_KEY_UIApplicationSupportsIndirectInputEvents[sdk=iphonesimulator*]" = YES;
				"INFOPLIST_KEY_UILaunchScreen_Generation[sdk=iphoneos*]" = YES;
				"INFOPLIST_KEY_UILaunchScreen_Generation[sdk=iphonesimulator*]" = YES;
				"INFOPLIST_KEY_UIStatusBarStyle[sdk=iphoneos*]" = UIStatusBarStyleDefault;
				"INFOPLIST_KEY_UIStatusBarStyle[sdk=iphonesimulator*]" = UIStatusBarStyleDefault;
				INFOPLIST_KEY_UISupportedInterfaceOrientations_iPad = "UIInterfaceOrientationPortrait UIInterfaceOrientationPortraitUpsideDown UIInterfaceOrientationLandscapeLeft UIInterfaceOrientationLandscapeRight";
				INFOPLIST_KEY_UISupportedInterfaceOrientations_iPhone = "UIInterfaceOrientationPortrait UIInterfaceOrientationLandscapeLeft UIInterfaceOrientationLandscapeRight";
				IPHONEOS_DEPLOYMENT_TARGET = 16.0;
				LD_RUNPATH_SEARCH_PATHS = "@executable_path/Frameworks";
				"LD_RUNPATH_SEARCH_PATHS[sdk=macosx*]" = "@executable_path/../Frameworks";
				MACOSX_DEPLOYMENT_TARGET = 12.3;
				MARKETING_VERSION = 1.0;
				PRODUCT_BUNDLE_IDENTIFIER = com.wiljay.EssentialFeed;
				PRODUCT_NAME = "$(TARGET_NAME)";
				SDKROOT = auto;
				SUPPORTED_PLATFORMS = "iphoneos iphonesimulator macosx";
				SWIFT_EMIT_LOC_STRINGS = YES;
				SWIFT_VERSION = 5.0;
				TARGETED_DEVICE_FAMILY = "1,2";
			};
			name = Release;
		};
		D9D737692A8A9A6900C51E9F /* Debug */ = {
			isa = XCBuildConfiguration;
			buildSettings = {
				ALWAYS_EMBED_SWIFT_STANDARD_LIBRARIES = YES;
				BUNDLE_LOADER = "$(TEST_HOST)";
				CODE_SIGN_STYLE = Automatic;
				CURRENT_PROJECT_VERSION = 1;
				DEVELOPMENT_TEAM = PQYWQB75M5;
				GENERATE_INFOPLIST_FILE = YES;
				IPHONEOS_DEPLOYMENT_TARGET = 16.0;
				MACOSX_DEPLOYMENT_TARGET = 12.3;
				MARKETING_VERSION = 1.0;
				PRODUCT_BUNDLE_IDENTIFIER = com.wiljay.EssentialFeedTests;
				PRODUCT_NAME = "$(TARGET_NAME)";
				SDKROOT = auto;
				SUPPORTED_PLATFORMS = "iphoneos iphonesimulator macosx";
				SWIFT_EMIT_LOC_STRINGS = NO;
				SWIFT_VERSION = 5.0;
				TARGETED_DEVICE_FAMILY = "1,2";
				TEST_HOST = "$(BUILT_PRODUCTS_DIR)/EssentialFeed.app/$(BUNDLE_EXECUTABLE_FOLDER_PATH)/EssentialFeed";
			};
			name = Debug;
		};
		D9D7376A2A8A9A6900C51E9F /* Release */ = {
			isa = XCBuildConfiguration;
			buildSettings = {
				ALWAYS_EMBED_SWIFT_STANDARD_LIBRARIES = YES;
				BUNDLE_LOADER = "$(TEST_HOST)";
				CODE_SIGN_STYLE = Automatic;
				CURRENT_PROJECT_VERSION = 1;
				DEVELOPMENT_TEAM = PQYWQB75M5;
				GENERATE_INFOPLIST_FILE = YES;
				IPHONEOS_DEPLOYMENT_TARGET = 16.0;
				MACOSX_DEPLOYMENT_TARGET = 12.3;
				MARKETING_VERSION = 1.0;
				PRODUCT_BUNDLE_IDENTIFIER = com.wiljay.EssentialFeedTests;
				PRODUCT_NAME = "$(TARGET_NAME)";
				SDKROOT = auto;
				SUPPORTED_PLATFORMS = "iphoneos iphonesimulator macosx";
				SWIFT_EMIT_LOC_STRINGS = NO;
				SWIFT_VERSION = 5.0;
				TARGETED_DEVICE_FAMILY = "1,2";
				TEST_HOST = "$(BUILT_PRODUCTS_DIR)/EssentialFeed.app/$(BUNDLE_EXECUTABLE_FOLDER_PATH)/EssentialFeed";
			};
			name = Release;
		};
		D9D7376C2A8A9A6900C51E9F /* Debug */ = {
			isa = XCBuildConfiguration;
			buildSettings = {
				ALWAYS_EMBED_SWIFT_STANDARD_LIBRARIES = YES;
				CODE_SIGN_STYLE = Automatic;
				CURRENT_PROJECT_VERSION = 1;
				DEVELOPMENT_TEAM = PQYWQB75M5;
				GENERATE_INFOPLIST_FILE = YES;
				IPHONEOS_DEPLOYMENT_TARGET = 16.0;
				MACOSX_DEPLOYMENT_TARGET = 12.3;
				MARKETING_VERSION = 1.0;
				PRODUCT_BUNDLE_IDENTIFIER = com.wiljay.EssentialFeedUITests;
				PRODUCT_NAME = "$(TARGET_NAME)";
				SDKROOT = auto;
				SUPPORTED_PLATFORMS = "iphoneos iphonesimulator macosx";
				SWIFT_EMIT_LOC_STRINGS = NO;
				SWIFT_VERSION = 5.0;
				TARGETED_DEVICE_FAMILY = "1,2";
				TEST_TARGET_NAME = EssentialFeed;
			};
			name = Debug;
		};
		D9D7376D2A8A9A6900C51E9F /* Release */ = {
			isa = XCBuildConfiguration;
			buildSettings = {
				ALWAYS_EMBED_SWIFT_STANDARD_LIBRARIES = YES;
				CODE_SIGN_STYLE = Automatic;
				CURRENT_PROJECT_VERSION = 1;
				DEVELOPMENT_TEAM = PQYWQB75M5;
				GENERATE_INFOPLIST_FILE = YES;
				IPHONEOS_DEPLOYMENT_TARGET = 16.0;
				MACOSX_DEPLOYMENT_TARGET = 12.3;
				MARKETING_VERSION = 1.0;
				PRODUCT_BUNDLE_IDENTIFIER = com.wiljay.EssentialFeedUITests;
				PRODUCT_NAME = "$(TARGET_NAME)";
				SDKROOT = auto;
				SUPPORTED_PLATFORMS = "iphoneos iphonesimulator macosx";
				SWIFT_EMIT_LOC_STRINGS = NO;
				SWIFT_VERSION = 5.0;
				TARGETED_DEVICE_FAMILY = "1,2";
				TEST_TARGET_NAME = EssentialFeed;
			};
			name = Release;
		};
/* End XCBuildConfiguration section */

/* Begin XCConfigurationList section */
		D9D7373B2A8A9A6900C51E9F /* Build configuration list for PBXProject "EssentialFeed" */ = {
			isa = XCConfigurationList;
			buildConfigurations = (
				D9D737632A8A9A6900C51E9F /* Debug */,
				D9D737642A8A9A6900C51E9F /* Release */,
			);
			defaultConfigurationIsVisible = 0;
			defaultConfigurationName = Release;
		};
		D9D737652A8A9A6900C51E9F /* Build configuration list for PBXNativeTarget "EssentialFeed" */ = {
			isa = XCConfigurationList;
			buildConfigurations = (
				D9D737662A8A9A6900C51E9F /* Debug */,
				D9D737672A8A9A6900C51E9F /* Release */,
			);
			defaultConfigurationIsVisible = 0;
			defaultConfigurationName = Release;
		};
		D9D737682A8A9A6900C51E9F /* Build configuration list for PBXNativeTarget "EssentialFeedTests" */ = {
			isa = XCConfigurationList;
			buildConfigurations = (
				D9D737692A8A9A6900C51E9F /* Debug */,
				D9D7376A2A8A9A6900C51E9F /* Release */,
			);
			defaultConfigurationIsVisible = 0;
			defaultConfigurationName = Release;
		};
		D9D7376B2A8A9A6900C51E9F /* Build configuration list for PBXNativeTarget "EssentialFeedUITests" */ = {
			isa = XCConfigurationList;
			buildConfigurations = (
				D9D7376C2A8A9A6900C51E9F /* Debug */,
				D9D7376D2A8A9A6900C51E9F /* Release */,
			);
			defaultConfigurationIsVisible = 0;
			defaultConfigurationName = Release;
		};
/* End XCConfigurationList section */
	};
	rootObject = D9D737382A8A9A6900C51E9F /* Project object */;
}
